
Microsoft Visual Studio Solution File, Format Version 12.00
# Visual Studio 15
VisualStudioVersion = 15.0.26020.0
MinimumVisualStudioVersion = 10.0.40219.1
Project("{151D2E53-A2C4-4D7D-83FE-D05416EBD58E}") = "Deployment", "Deployment\Deployment.deployproj", "{AEC0D0EC-18B2-4807-B19A-3A81590B73A2}"
EndProject
Project("{FAE04EC0-301F-11D3-BF4B-00C04F79EFBC}") = "FeedbackWeb", "FeedbackWeb\FeedbackWeb.csproj", "{087EA457-3913-457B-950F-475443E649E8}"
EndProject
Project("{FAE04EC0-301F-11D3-BF4B-00C04F79EFBC}") = "CustomerAPI", "CustomerAPI\CustomerAPI.csproj", "{DB36412F-FF1C-4F66-8968-4C5E3B7BABC9}"
EndProject
Project("{2150E333-8FDC-42A3-9474-1A3956D46DE8}") = "ARM", "ARM", "{47883A43-7DD7-4DCC-8E81-1F8DB02E5327}"
EndProject
Project("{2150E333-8FDC-42A3-9474-1A3956D46DE8}") = "Web and API App", "Web and API App", "{3B30A81C-B608-4F67-8526-5A6AA693C2EA}"
EndProject
Project("{2150E333-8FDC-42A3-9474-1A3956D46DE8}") = "Solution Items", "Solution Items", "{8EEB0F5F-27B3-4380-9CD9-3CB81D81C874}"
	ProjectSection(SolutionItems) = preProject
		README.md = README.md
	EndProjectSection
EndProject
Global
	GlobalSection(SolutionConfigurationPlatforms) = preSolution
		Debug|Any CPU = Debug|Any CPU
		Debug|x64 = Debug|x64
		Debug|x86 = Debug|x86
		Release|Any CPU = Release|Any CPU
		Release|x64 = Release|x64
		Release|x86 = Release|x86
	EndGlobalSection
	GlobalSection(ProjectConfigurationPlatforms) = postSolution
		{AEC0D0EC-18B2-4807-B19A-3A81590B73A2}.Debug|Any CPU.ActiveCfg = Debug|Any CPU
		{AEC0D0EC-18B2-4807-B19A-3A81590B73A2}.Debug|Any CPU.Build.0 = Debug|Any CPU
		{AEC0D0EC-18B2-4807-B19A-3A81590B73A2}.Debug|x64.ActiveCfg = Debug|Any CPU
		{AEC0D0EC-18B2-4807-B19A-3A81590B73A2}.Debug|x64.Build.0 = Debug|Any CPU
		{AEC0D0EC-18B2-4807-B19A-3A81590B73A2}.Debug|x86.ActiveCfg = Debug|Any CPU
		{AEC0D0EC-18B2-4807-B19A-3A81590B73A2}.Debug|x86.Build.0 = Debug|Any CPU
		{AEC0D0EC-18B2-4807-B19A-3A81590B73A2}.Release|Any CPU.ActiveCfg = Release|Any CPU
		{AEC0D0EC-18B2-4807-B19A-3A81590B73A2}.Release|Any CPU.Build.0 = Release|Any CPU
		{AEC0D0EC-18B2-4807-B19A-3A81590B73A2}.Release|x64.ActiveCfg = Release|Any CPU
		{AEC0D0EC-18B2-4807-B19A-3A81590B73A2}.Release|x64.Build.0 = Release|Any CPU
		{AEC0D0EC-18B2-4807-B19A-3A81590B73A2}.Release|x86.ActiveCfg = Release|Any CPU
		{AEC0D0EC-18B2-4807-B19A-3A81590B73A2}.Release|x86.Build.0 = Release|Any CPU
		{087EA457-3913-457B-950F-475443E649E8}.Debug|Any CPU.ActiveCfg = Debug|Any CPU
		{087EA457-3913-457B-950F-475443E649E8}.Debug|Any CPU.Build.0 = Debug|Any CPU
		{087EA457-3913-457B-950F-475443E649E8}.Debug|x64.ActiveCfg = Debug|Any CPU
		{087EA457-3913-457B-950F-475443E649E8}.Debug|x64.Build.0 = Debug|Any CPU
		{087EA457-3913-457B-950F-475443E649E8}.Debug|x86.ActiveCfg = Debug|Any CPU
		{087EA457-3913-457B-950F-475443E649E8}.Debug|x86.Build.0 = Debug|Any CPU
		{087EA457-3913-457B-950F-475443E649E8}.Release|Any CPU.ActiveCfg = Release|Any CPU
		{087EA457-3913-457B-950F-475443E649E8}.Release|Any CPU.Build.0 = Release|Any CPU
		{087EA457-3913-457B-950F-475443E649E8}.Release|x64.ActiveCfg = Release|Any CPU
		{087EA457-3913-457B-950F-475443E649E8}.Release|x64.Build.0 = Release|Any CPU
		{087EA457-3913-457B-950F-475443E649E8}.Release|x86.ActiveCfg = Release|Any CPU
		{087EA457-3913-457B-950F-475443E649E8}.Release|x86.Build.0 = Release|Any CPU
		{DB36412F-FF1C-4F66-8968-4C5E3B7BABC9}.Debug|Any CPU.ActiveCfg = Debug|Any CPU
		{DB36412F-FF1C-4F66-8968-4C5E3B7BABC9}.Debug|Any CPU.Build.0 = Debug|Any CPU
		{DB36412F-FF1C-4F66-8968-4C5E3B7BABC9}.Debug|x64.ActiveCfg = Debug|Any CPU
		{DB36412F-FF1C-4F66-8968-4C5E3B7BABC9}.Debug|x64.Build.0 = Debug|Any CPU
		{DB36412F-FF1C-4F66-8968-4C5E3B7BABC9}.Debug|x86.ActiveCfg = Debug|Any CPU
		{DB36412F-FF1C-4F66-8968-4C5E3B7BABC9}.Debug|x86.Build.0 = Debug|Any CPU
		{DB36412F-FF1C-4F66-8968-4C5E3B7BABC9}.Release|Any CPU.ActiveCfg = Release|Any CPU
		{DB36412F-FF1C-4F66-8968-4C5E3B7BABC9}.Release|Any CPU.Build.0 = Release|Any CPU
		{DB36412F-FF1C-4F66-8968-4C5E3B7BABC9}.Release|x64.ActiveCfg = Release|Any CPU
		{DB36412F-FF1C-4F66-8968-4C5E3B7BABC9}.Release|x64.Build.0 = Release|Any CPU
		{DB36412F-FF1C-4F66-8968-4C5E3B7BABC9}.Release|x86.ActiveCfg = Release|Any CPU
		{DB36412F-FF1C-4F66-8968-4C5E3B7BABC9}.Release|x86.Build.0 = Release|Any CPU
	EndGlobalSection
	GlobalSection(SolutionProperties) = preSolution
		HideSolutionNode = FALSE
	EndGlobalSection
	GlobalSection(NestedProjects) = preSolution
		{AEC0D0EC-18B2-4807-B19A-3A81590B73A2} = {47883A43-7DD7-4DCC-8E81-1F8DB02E5327}
		{087EA457-3913-457B-950F-475443E649E8} = {3B30A81C-B608-4F67-8526-5A6AA693C2EA}
		{DB36412F-FF1C-4F66-8968-4C5E3B7BABC9} = {3B30A81C-B608-4F67-8526-5A6AA693C2EA}
	EndGlobalSection
EndGlobal
